<?xml version="1.0" encoding="UTF-8"?>
<CodeBlocks_project_file>
	<FileVersion major="1" minor="6"/>
	<Project>
		<Option title="amqp1_0"/>
		<Option makefile_is_custom="1"/>
		<Option compiler="clang"/>
		<Option virtualFolders="CMake Files\;CMake Files\amqp_lib\;CMake Files\external\;CMake Files\test\;CMake Files\test\suite_1\;"/>
		<Build>
			<Target title="all">
				<Option working_dir="/Users/gas/git/gsantomaggio/amqp1_0"/>
				<Option type="4"/>
				<MakeCommands>
					<Build command="/usr/local/bin/gmake -f &quot;/Users/gas/git/gsantomaggio/amqp1_0/Makefile&quot;  VERBOSE=1 all"/>
					<CompileFile command="/usr/local/bin/gmake -f &quot;/Users/gas/git/gsantomaggio/amqp1_0/Makefile&quot;  VERBOSE=1 &quot;$file&quot;"/>
					<Clean command="/usr/local/bin/gmake -f &quot;/Users/gas/git/gsantomaggio/amqp1_0/Makefile&quot;  VERBOSE=1 clean"/>
					<DistClean command="/usr/local/bin/gmake -f &quot;/Users/gas/git/gsantomaggio/amqp1_0/Makefile&quot;  VERBOSE=1 clean"/>
				</MakeCommands>
			</Target>
			<Target title="rebuild_cache">
				<Option working_dir="/Users/gas/git/gsantomaggio/amqp1_0"/>
				<Option type="4"/>
				<MakeCommands>
					<Build command="/usr/local/bin/gmake -f &quot;/Users/gas/git/gsantomaggio/amqp1_0/Makefile&quot;  VERBOSE=1 rebuild_cache"/>
					<CompileFile command="/usr/local/bin/gmake -f &quot;/Users/gas/git/gsantomaggio/amqp1_0/Makefile&quot;  VERBOSE=1 &quot;$file&quot;"/>
					<Clean command="/usr/local/bin/gmake -f &quot;/Users/gas/git/gsantomaggio/amqp1_0/Makefile&quot;  VERBOSE=1 clean"/>
					<DistClean command="/usr/local/bin/gmake -f &quot;/Users/gas/git/gsantomaggio/amqp1_0/Makefile&quot;  VERBOSE=1 clean"/>
				</MakeCommands>
			</Target>
			<Target title="test">
				<Option working_dir="/Users/gas/git/gsantomaggio/amqp1_0"/>
				<Option type="4"/>
				<MakeCommands>
					<Build command="/usr/local/bin/gmake -f &quot;/Users/gas/git/gsantomaggio/amqp1_0/Makefile&quot;  VERBOSE=1 test"/>
					<CompileFile command="/usr/local/bin/gmake -f &quot;/Users/gas/git/gsantomaggio/amqp1_0/Makefile&quot;  VERBOSE=1 &quot;$file&quot;"/>
					<Clean command="/usr/local/bin/gmake -f &quot;/Users/gas/git/gsantomaggio/amqp1_0/Makefile&quot;  VERBOSE=1 clean"/>
					<DistClean command="/usr/local/bin/gmake -f &quot;/Users/gas/git/gsantomaggio/amqp1_0/Makefile&quot;  VERBOSE=1 clean"/>
				</MakeCommands>
			</Target>
			<Target title="edit_cache">
				<Option working_dir="/Users/gas/git/gsantomaggio/amqp1_0"/>
				<Option type="4"/>
				<MakeCommands>
					<Build command="/usr/local/bin/gmake -f &quot;/Users/gas/git/gsantomaggio/amqp1_0/Makefile&quot;  VERBOSE=1 edit_cache"/>
					<CompileFile command="/usr/local/bin/gmake -f &quot;/Users/gas/git/gsantomaggio/amqp1_0/Makefile&quot;  VERBOSE=1 &quot;$file&quot;"/>
					<Clean command="/usr/local/bin/gmake -f &quot;/Users/gas/git/gsantomaggio/amqp1_0/Makefile&quot;  VERBOSE=1 clean"/>
					<DistClean command="/usr/local/bin/gmake -f &quot;/Users/gas/git/gsantomaggio/amqp1_0/Makefile&quot;  VERBOSE=1 clean"/>
				</MakeCommands>
			</Target>
			<Target title="Nightly">
				<Option working_dir="/Users/gas/git/gsantomaggio/amqp1_0"/>
				<Option type="4"/>
				<MakeCommands>
					<Build command="/usr/local/bin/gmake -f &quot;/Users/gas/git/gsantomaggio/amqp1_0/Makefile&quot;  VERBOSE=1 Nightly"/>
					<CompileFile command="/usr/local/bin/gmake -f &quot;/Users/gas/git/gsantomaggio/amqp1_0/Makefile&quot;  VERBOSE=1 &quot;$file&quot;"/>
					<Clean command="/usr/local/bin/gmake -f &quot;/Users/gas/git/gsantomaggio/amqp1_0/Makefile&quot;  VERBOSE=1 clean"/>
					<DistClean command="/usr/local/bin/gmake -f &quot;/Users/gas/git/gsantomaggio/amqp1_0/Makefile&quot;  VERBOSE=1 clean"/>
				</MakeCommands>
			</Target>
			<Target title="Continuous">
				<Option working_dir="/Users/gas/git/gsantomaggio/amqp1_0"/>
				<Option type="4"/>
				<MakeCommands>
					<Build command="/usr/local/bin/gmake -f &quot;/Users/gas/git/gsantomaggio/amqp1_0/Makefile&quot;  VERBOSE=1 Continuous"/>
					<CompileFile command="/usr/local/bin/gmake -f &quot;/Users/gas/git/gsantomaggio/amqp1_0/Makefile&quot;  VERBOSE=1 &quot;$file&quot;"/>
					<Clean command="/usr/local/bin/gmake -f &quot;/Users/gas/git/gsantomaggio/amqp1_0/Makefile&quot;  VERBOSE=1 clean"/>
					<DistClean command="/usr/local/bin/gmake -f &quot;/Users/gas/git/gsantomaggio/amqp1_0/Makefile&quot;  VERBOSE=1 clean"/>
				</MakeCommands>
			</Target>
			<Target title="Experimental">
				<Option working_dir="/Users/gas/git/gsantomaggio/amqp1_0"/>
				<Option type="4"/>
				<MakeCommands>
					<Build command="/usr/local/bin/gmake -f &quot;/Users/gas/git/gsantomaggio/amqp1_0/Makefile&quot;  VERBOSE=1 Experimental"/>
					<CompileFile command="/usr/local/bin/gmake -f &quot;/Users/gas/git/gsantomaggio/amqp1_0/Makefile&quot;  VERBOSE=1 &quot;$file&quot;"/>
					<Clean command="/usr/local/bin/gmake -f &quot;/Users/gas/git/gsantomaggio/amqp1_0/Makefile&quot;  VERBOSE=1 clean"/>
					<DistClean command="/usr/local/bin/gmake -f &quot;/Users/gas/git/gsantomaggio/amqp1_0/Makefile&quot;  VERBOSE=1 clean"/>
				</MakeCommands>
			</Target>
			<Target title="amqp_lib">
				<Option output="/Users/gas/git/gsantomaggio/amqp1_0/amqp_lib/libamqp_lib.a" prefix_auto="0" extension_auto="0"/>
				<Option working_dir="/Users/gas/git/gsantomaggio/amqp1_0/amqp_lib"/>
				<Option object_output="./"/>
				<Option type="2"/>
				<Option compiler="clang"/>
				<Compiler>
					<Add directory="/Users/gas/git/gsantomaggio/amqp1_0/amqp_lib"/>
				</Compiler>
				<MakeCommands>
					<Build command="/usr/local/bin/gmake -f &quot;/Users/gas/git/gsantomaggio/amqp1_0/amqp_lib/Makefile&quot;  VERBOSE=1 amqp_lib"/>
					<CompileFile command="/usr/local/bin/gmake -f &quot;/Users/gas/git/gsantomaggio/amqp1_0/amqp_lib/Makefile&quot;  VERBOSE=1 &quot;$file&quot;"/>
					<Clean command="/usr/local/bin/gmake -f &quot;/Users/gas/git/gsantomaggio/amqp1_0/amqp_lib/Makefile&quot;  VERBOSE=1 clean"/>
					<DistClean command="/usr/local/bin/gmake -f &quot;/Users/gas/git/gsantomaggio/amqp1_0/amqp_lib/Makefile&quot;  VERBOSE=1 clean"/>
				</MakeCommands>
			</Target>
			<Target title="amqp_lib/fast">
				<Option output="/Users/gas/git/gsantomaggio/amqp1_0/amqp_lib/libamqp_lib.a" prefix_auto="0" extension_auto="0"/>
				<Option working_dir="/Users/gas/git/gsantomaggio/amqp1_0/amqp_lib"/>
				<Option object_output="./"/>
				<Option type="2"/>
				<Option compiler="clang"/>
				<Compiler>
					<Add directory="/Users/gas/git/gsantomaggio/amqp1_0/amqp_lib"/>
				</Compiler>
				<MakeCommands>
					<Build command="/usr/local/bin/gmake -f &quot;/Users/gas/git/gsantomaggio/amqp1_0/amqp_lib/Makefile&quot;  VERBOSE=1 amqp_lib/fast"/>
					<CompileFile command="/usr/local/bin/gmake -f &quot;/Users/gas/git/gsantomaggio/amqp1_0/amqp_lib/Makefile&quot;  VERBOSE=1 &quot;$file&quot;"/>
					<Clean command="/usr/local/bin/gmake -f &quot;/Users/gas/git/gsantomaggio/amqp1_0/amqp_lib/Makefile&quot;  VERBOSE=1 clean"/>
					<DistClean command="/usr/local/bin/gmake -f &quot;/Users/gas/git/gsantomaggio/amqp1_0/amqp_lib/Makefile&quot;  VERBOSE=1 clean"/>
				</MakeCommands>
			</Target>
			<Target title="Unity">
				<Option output="/Users/gas/git/gsantomaggio/amqp1_0/external/libUnity.a" prefix_auto="0" extension_auto="0"/>
				<Option working_dir="/Users/gas/git/gsantomaggio/amqp1_0/external"/>
				<Option object_output="./"/>
				<Option type="2"/>
				<Option compiler="clang"/>
				<Compiler>
					<Add directory="/Users/gas/git/gsantomaggio/amqp1_0/external/Unity/src"/>
				</Compiler>
				<MakeCommands>
					<Build command="/usr/local/bin/gmake -f &quot;/Users/gas/git/gsantomaggio/amqp1_0/external/Makefile&quot;  VERBOSE=1 Unity"/>
					<CompileFile command="/usr/local/bin/gmake -f &quot;/Users/gas/git/gsantomaggio/amqp1_0/external/Makefile&quot;  VERBOSE=1 &quot;$file&quot;"/>
					<Clean command="/usr/local/bin/gmake -f &quot;/Users/gas/git/gsantomaggio/amqp1_0/external/Makefile&quot;  VERBOSE=1 clean"/>
					<DistClean command="/usr/local/bin/gmake -f &quot;/Users/gas/git/gsantomaggio/amqp1_0/external/Makefile&quot;  VERBOSE=1 clean"/>
				</MakeCommands>
			</Target>
			<Target title="Unity/fast">
				<Option output="/Users/gas/git/gsantomaggio/amqp1_0/external/libUnity.a" prefix_auto="0" extension_auto="0"/>
				<Option working_dir="/Users/gas/git/gsantomaggio/amqp1_0/external"/>
				<Option object_output="./"/>
				<Option type="2"/>
				<Option compiler="clang"/>
				<Compiler>
					<Add directory="/Users/gas/git/gsantomaggio/amqp1_0/external/Unity/src"/>
				</Compiler>
				<MakeCommands>
					<Build command="/usr/local/bin/gmake -f &quot;/Users/gas/git/gsantomaggio/amqp1_0/external/Makefile&quot;  VERBOSE=1 Unity/fast"/>
					<CompileFile command="/usr/local/bin/gmake -f &quot;/Users/gas/git/gsantomaggio/amqp1_0/external/Makefile&quot;  VERBOSE=1 &quot;$file&quot;"/>
					<Clean command="/usr/local/bin/gmake -f &quot;/Users/gas/git/gsantomaggio/amqp1_0/external/Makefile&quot;  VERBOSE=1 clean"/>
					<DistClean command="/usr/local/bin/gmake -f &quot;/Users/gas/git/gsantomaggio/amqp1_0/external/Makefile&quot;  VERBOSE=1 clean"/>
				</MakeCommands>
			</Target>
			<Target title="suite_1_app">
				<Option output="/Users/gas/git/gsantomaggio/amqp1_0/test/suite_1/suite_1_app" prefix_auto="0" extension_auto="0"/>
				<Option working_dir="/Users/gas/git/gsantomaggio/amqp1_0/test/suite_1"/>
				<Option object_output="./"/>
				<Option type="1"/>
				<Option compiler="clang"/>
				<Compiler>
					<Add directory="/Users/gas/git/gsantomaggio/amqp1_0/amqp_lib"/>
					<Add directory="/Users/gas/git/gsantomaggio/amqp1_0/external/Unity/src"/>
				</Compiler>
				<MakeCommands>
					<Build command="/usr/local/bin/gmake -f &quot;/Users/gas/git/gsantomaggio/amqp1_0/test/suite_1/Makefile&quot;  VERBOSE=1 suite_1_app"/>
					<CompileFile command="/usr/local/bin/gmake -f &quot;/Users/gas/git/gsantomaggio/amqp1_0/test/suite_1/Makefile&quot;  VERBOSE=1 &quot;$file&quot;"/>
					<Clean command="/usr/local/bin/gmake -f &quot;/Users/gas/git/gsantomaggio/amqp1_0/test/suite_1/Makefile&quot;  VERBOSE=1 clean"/>
					<DistClean command="/usr/local/bin/gmake -f &quot;/Users/gas/git/gsantomaggio/amqp1_0/test/suite_1/Makefile&quot;  VERBOSE=1 clean"/>
				</MakeCommands>
			</Target>
			<Target title="suite_1_app/fast">
				<Option output="/Users/gas/git/gsantomaggio/amqp1_0/test/suite_1/suite_1_app" prefix_auto="0" extension_auto="0"/>
				<Option working_dir="/Users/gas/git/gsantomaggio/amqp1_0/test/suite_1"/>
				<Option object_output="./"/>
				<Option type="1"/>
				<Option compiler="clang"/>
				<Compiler>
					<Add directory="/Users/gas/git/gsantomaggio/amqp1_0/amqp_lib"/>
					<Add directory="/Users/gas/git/gsantomaggio/amqp1_0/external/Unity/src"/>
				</Compiler>
				<MakeCommands>
					<Build command="/usr/local/bin/gmake -f &quot;/Users/gas/git/gsantomaggio/amqp1_0/test/suite_1/Makefile&quot;  VERBOSE=1 suite_1_app/fast"/>
					<CompileFile command="/usr/local/bin/gmake -f &quot;/Users/gas/git/gsantomaggio/amqp1_0/test/suite_1/Makefile&quot;  VERBOSE=1 &quot;$file&quot;"/>
					<Clean command="/usr/local/bin/gmake -f &quot;/Users/gas/git/gsantomaggio/amqp1_0/test/suite_1/Makefile&quot;  VERBOSE=1 clean"/>
					<DistClean command="/usr/local/bin/gmake -f &quot;/Users/gas/git/gsantomaggio/amqp1_0/test/suite_1/Makefile&quot;  VERBOSE=1 clean"/>
				</MakeCommands>
			</Target>
		</Build>
		<Unit filename="/Users/gas/git/gsantomaggio/amqp1_0/amqp_lib/amqp_wire_formatting.c">
			<Option target="amqp_lib"/>
		</Unit>
		<Unit filename="/Users/gas/git/gsantomaggio/amqp1_0/amqp_lib/amqp_wire_formatting.h">
			<Option target="amqp_lib"/>
		</Unit>
		<Unit filename="/Users/gas/git/gsantomaggio/amqp1_0/amqp_lib/decode.c">
			<Option target="amqp_lib"/>
		</Unit>
		<Unit filename="/Users/gas/git/gsantomaggio/amqp1_0/amqp_lib/decode.h">
			<Option target="amqp_lib"/>
		</Unit>
		<Unit filename="/Users/gas/git/gsantomaggio/amqp1_0/external/Unity/src/unity.c">
			<Option target="Unity"/>
		</Unit>
		<Unit filename="/Users/gas/git/gsantomaggio/amqp1_0/external/Unity/src/unity.h">
			<Option target="Unity"/>
		</Unit>
		<Unit filename="/Users/gas/git/gsantomaggio/amqp1_0/test/suite_1/suite_1.c">
			<Option target="suite_1_app"/>
		</Unit>
		<Unit filename="/Users/gas/git/gsantomaggio/amqp1_0/CMakeLists.txt">
			<Option virtualFolder="CMake Files\"/>
		</Unit>
		<Unit filename="/Users/gas/git/gsantomaggio/amqp1_0/amqp_lib/CMakeLists.txt">
			<Option virtualFolder="CMake Files\amqp_lib\"/>
		</Unit>
		<Unit filename="/Users/gas/git/gsantomaggio/amqp1_0/external/CMakeLists.txt">
			<Option virtualFolder="CMake Files\external\"/>
		</Unit>
		<Unit filename="/Users/gas/git/gsantomaggio/amqp1_0/test/CMakeLists.txt">
			<Option virtualFolder="CMake Files\test\"/>
		</Unit>
		<Unit filename="/Users/gas/git/gsantomaggio/amqp1_0/test/suite_1/CMakeLists.txt">
			<Option virtualFolder="CMake Files\test\suite_1\"/>
		</Unit>
	</Project>
</CodeBlocks_project_file>
